
Microsoft Visual Studio Solution File, Format Version 12.00
# Visual Studio Version 16
VisualStudioVersion = 16.0.33801.447
MinimumVisualStudioVersion = 10.0.40219.1
Project("{FAE04EC0-301F-11D3-BF4B-00C04F79EFBC}") = "bold_reports_mvc_report_writer", "bold_reports_mvc_report_writer.csproj", "{23492D18-52FC-4C7E-97FB-ABD241C67BBA}"
EndProject
Global
	GlobalSection(SolutionConfigurationPlatforms) = preSolution
		Debug|Any CPU = Debug|Any CPU
		Release|Any CPU = Release|Any CPU
	EndGlobalSection
	GlobalSection(ProjectConfigurationPlatforms) = postSolution
		{23492D18-52FC-4C7E-97FB-ABD241C67BBA}.Debug|Any CPU.ActiveCfg = Debug|Any CPU
		{23492D18-52FC-4C7E-97FB-ABD241C67BBA}.Debug|Any CPU.Build.0 = Debug|Any CPU
		{23492D18-52FC-4C7E-97FB-ABD241C67BBA}.Release|Any CPU.ActiveCfg = Release|Any CPU
		{23492D18-52FC-4C7E-97FB-ABD241C67BBA}.Release|Any CPU.Build.0 = Release|Any CPU
	EndGlobalSection
	GlobalSection(SolutionProperties) = preSolution
		HideSolutionNode = FALSE
	EndGlobalSection
	GlobalSection(ExtensibilityGlobals) = postSolution
		SolutionGuid = {D6435B2D-E580-4ABC-A445-EED0EBB92124}
	EndGlobalSection
EndGlobal
