
Microsoft Visual Studio Solution File, Format Version 12.00
# Visual Studio Version 16
VisualStudioVersion = 16.0.33801.447
MinimumVisualStudioVersion = 10.0.40219.1
Project("{FAE04EC0-301F-11D3-BF4B-00C04F79EFBC}") = "bold_reports_mvc_report_viewer", "bold_reports_mvc_report_viewer.csproj", "{40FB368C-9A80-4C00-B383-3FED01AA3CF9}"
EndProject
Global
	GlobalSection(SolutionConfigurationPlatforms) = preSolution
		Debug|Any CPU = Debug|Any CPU
		Release|Any CPU = Release|Any CPU
	EndGlobalSection
	GlobalSection(ProjectConfigurationPlatforms) = postSolution
		{40FB368C-9A80-4C00-B383-3FED01AA3CF9}.Debug|Any CPU.ActiveCfg = Debug|Any CPU
		{40FB368C-9A80-4C00-B383-3FED01AA3CF9}.Debug|Any CPU.Build.0 = Debug|Any CPU
		{40FB368C-9A80-4C00-B383-3FED01AA3CF9}.Release|Any CPU.ActiveCfg = Release|Any CPU
		{40FB368C-9A80-4C00-B383-3FED01AA3CF9}.Release|Any CPU.Build.0 = Release|Any CPU
	EndGlobalSection
	GlobalSection(SolutionProperties) = preSolution
		HideSolutionNode = FALSE
	EndGlobalSection
	GlobalSection(ExtensibilityGlobals) = postSolution
		SolutionGuid = {15941435-31AC-457D-9A22-91C1AC86663B}
	EndGlobalSection
EndGlobal
